
Microsoft Visual Studio Solution File, Format Version 12.00
# Visual Studio Version 16
VisualStudioVersion = 16.0.30011.22
MinimumVisualStudioVersion = 10.0.40219.1
Project("{FAE04EC0-301F-11D3-BF4B-00C04F79EFBC}") = "FormatConverterTool", "FormatConverterTool\FormatConverterTool.csproj", "{57E9C6E4-7941-4BAF-BAD5-159EFDC42857}"
EndProject
Global
	GlobalSection(SolutionConfigurationPlatforms) = preSolution
		Debug|Any CPU = Debug|Any CPU
		Release|Any CPU = Release|Any CPU
	EndGlobalSection
	GlobalSection(ProjectConfigurationPlatforms) = postSolution
		{57E9C6E4-7941-4BAF-BAD5-159EFDC42857}.Debug|Any CPU.ActiveCfg = Debug|Any CPU
		{57E9C6E4-7941-4BAF-BAD5-159EFDC42857}.Debug|Any CPU.Build.0 = Debug|Any CPU
		{57E9C6E4-7941-4BAF-BAD5-159EFDC42857}.Release|Any CPU.ActiveCfg = Release|Any CPU
		{57E9C6E4-7941-4BAF-BAD5-159EFDC42857}.Release|Any CPU.Build.0 = Release|Any CPU
	EndGlobalSection
	GlobalSection(SolutionProperties) = preSolution
		HideSolutionNode = FALSE
	EndGlobalSection
	GlobalSection(ExtensibilityGlobals) = postSolution
		SolutionGuid = {7E4C7378-2A57-43DD-BDB1-9D8A906BD46D}
	EndGlobalSection
EndGlobal
